// !$*UTF8*$!
{
	archiveVersion = 1;
	classes = {
	};
	objectVersion = 56;
	objects = {

/* Begin PBXBuildFile section */
		215C991B2B32313600E7F18F /* EventDetailScreen.swift in Sources */ = {isa = PBXBuildFile; fileRef = 215C991A2B32313600E7F18F /* EventDetailScreen.swift */; };
		215C991D2B32315D00E7F18F /* EventDetailViewModel.swift in Sources */ = {isa = PBXBuildFile; fileRef = 215C991C2B32315D00E7F18F /* EventDetailViewModel.swift */; };
		215C99202B3306FD00E7F18F /* SearchScreen.swift in Sources */ = {isa = PBXBuildFile; fileRef = 215C991F2B3306FD00E7F18F /* SearchScreen.swift */; };
		215C99222B33070A00E7F18F /* SearchViewModel.swift in Sources */ = {isa = PBXBuildFile; fileRef = 215C99212B33070A00E7F18F /* SearchViewModel.swift */; };
		215C99242B34CFE000E7F18F /* ViewExtension.swift in Sources */ = {isa = PBXBuildFile; fileRef = 215C99232B34CFE000E7F18F /* ViewExtension.swift */; };
		215C99272B4B077100E7F18F /* SwiftUISnackbar in Frameworks */ = {isa = PBXBuildFile; productRef = 215C99262B4B077100E7F18F /* SwiftUISnackbar */; };
		216E41A72AE48023003F91E1 /* fittableIOSApp.swift in Sources */ = {isa = PBXBuildFile; fileRef = 216E41A62AE48023003F91E1 /* fittableIOSApp.swift */; };
		216E41AB2AE48025003F91E1 /* Assets.xcassets in Resources */ = {isa = PBXBuildFile; fileRef = 216E41AA2AE48025003F91E1 /* Assets.xcassets */; };
		216E41AE2AE48025003F91E1 /* Preview Assets.xcassets in Resources */ = {isa = PBXBuildFile; fileRef = 216E41AD2AE48025003F91E1 /* Preview Assets.xcassets */; };
		216E41B82AE48025003F91E1 /* fittableIOSTests.swift in Sources */ = {isa = PBXBuildFile; fileRef = 216E41B72AE48025003F91E1 /* fittableIOSTests.swift */; };
		216E41C22AE48025003F91E1 /* fittableIOSUITests.swift in Sources */ = {isa = PBXBuildFile; fileRef = 216E41C12AE48025003F91E1 /* fittableIOSUITests.swift */; };
		216E41C42AE48025003F91E1 /* fittableIOSUITestsLaunchTests.swift in Sources */ = {isa = PBXBuildFile; fileRef = 216E41C32AE48025003F91E1 /* fittableIOSUITestsLaunchTests.swift */; };
		21991A4C2B265885007B9BED /* Stinsen in Frameworks */ = {isa = PBXBuildFile; productRef = 21991A4B2B265885007B9BED /* Stinsen */; };
		21991A4F2B265AA3007B9BED /* MainCoordinator.swift in Sources */ = {isa = PBXBuildFile; fileRef = 21991A4E2B265AA3007B9BED /* MainCoordinator.swift */; };
		21991A552B265D59007B9BED /* AppAuth in Frameworks */ = {isa = PBXBuildFile; productRef = 21991A542B265D59007B9BED /* AppAuth */; };
		21991A572B265D59007B9BED /* AppAuthCore in Frameworks */ = {isa = PBXBuildFile; productRef = 21991A562B265D59007B9BED /* AppAuthCore */; };
		21991A592B265DA9007B9BED /* AuthorizationScreen.swift in Sources */ = {isa = PBXBuildFile; fileRef = 21991A582B265DA9007B9BED /* AuthorizationScreen.swift */; };
		21991A5D2B266008007B9BED /* Colors.swift in Sources */ = {isa = PBXBuildFile; fileRef = 21991A5C2B266008007B9BED /* Colors.swift */; };
		21991A5F2B28F122007B9BED /* AuthorizationViewModel.swift in Sources */ = {isa = PBXBuildFile; fileRef = 21991A5E2B28F122007B9BED /* AuthorizationViewModel.swift */; };
		21991A622B29F344007B9BED /* OAuthSwift in Frameworks */ = {isa = PBXBuildFile; productRef = 21991A612B29F344007B9BED /* OAuthSwift */; };
		21991A682B2F4D15007B9BED /* TimetableScreen.swift in Sources */ = {isa = PBXBuildFile; fileRef = 21991A672B2F4D15007B9BED /* TimetableScreen.swift */; };
		21991A6A2B2F6565007B9BED /* TimetableViewModel.swift in Sources */ = {isa = PBXBuildFile; fileRef = 21991A692B2F6565007B9BED /* TimetableViewModel.swift */; };
		21991A6D2B3075FA007B9BED /* CalendarView in Frameworks */ = {isa = PBXBuildFile; productRef = 21991A6C2B3075FA007B9BED /* CalendarView */; };
		21991A702B30885A007B9BED /* KotlinDatetimeConverter.swift in Sources */ = {isa = PBXBuildFile; fileRef = 21991A6F2B30885A007B9BED /* KotlinDatetimeConverter.swift */; };
		21991A732B30A839007B9BED /* SwiftUICalendar in Frameworks */ = {isa = PBXBuildFile; productRef = 21991A722B30A839007B9BED /* SwiftUICalendar */; };
/* End PBXBuildFile section */

/* Begin PBXContainerItemProxy section */
		216E41B42AE48025003F91E1 /* PBXContainerItemProxy */ = {
			isa = PBXContainerItemProxy;
			containerPortal = 216E419B2AE48023003F91E1 /* Project object */;
			proxyType = 1;
			remoteGlobalIDString = 216E41A22AE48023003F91E1;
			remoteInfo = fittableIOS;
		};
		216E41BE2AE48025003F91E1 /* PBXContainerItemProxy */ = {
			isa = PBXContainerItemProxy;
			containerPortal = 216E419B2AE48023003F91E1 /* Project object */;
			proxyType = 1;
			remoteGlobalIDString = 216E41A22AE48023003F91E1;
			remoteInfo = fittableIOS;
		};
/* End PBXContainerItemProxy section */

/* Begin PBXFileReference section */
		215C991A2B32313600E7F18F /* EventDetailScreen.swift */ = {isa = PBXFileReference; lastKnownFileType = sourcecode.swift; path = EventDetailScreen.swift; sourceTree = "<group>"; };
		215C991C2B32315D00E7F18F /* EventDetailViewModel.swift */ = {isa = PBXFileReference; lastKnownFileType = sourcecode.swift; path = EventDetailViewModel.swift; sourceTree = "<group>"; };
		215C991F2B3306FD00E7F18F /* SearchScreen.swift */ = {isa = PBXFileReference; lastKnownFileType = sourcecode.swift; path = SearchScreen.swift; sourceTree = "<group>"; };
		215C99212B33070A00E7F18F /* SearchViewModel.swift */ = {isa = PBXFileReference; lastKnownFileType = sourcecode.swift; path = SearchViewModel.swift; sourceTree = "<group>"; };
		215C99232B34CFE000E7F18F /* ViewExtension.swift */ = {isa = PBXFileReference; lastKnownFileType = sourcecode.swift; path = ViewExtension.swift; sourceTree = "<group>"; };
		216E41A32AE48023003F91E1 /* fittableIOS.app */ = {isa = PBXFileReference; explicitFileType = wrapper.application; includeInIndex = 0; path = fittableIOS.app; sourceTree = BUILT_PRODUCTS_DIR; };
		216E41A62AE48023003F91E1 /* fittableIOSApp.swift */ = {isa = PBXFileReference; lastKnownFileType = sourcecode.swift; path = fittableIOSApp.swift; sourceTree = "<group>"; };
		216E41AA2AE48025003F91E1 /* Assets.xcassets */ = {isa = PBXFileReference; lastKnownFileType = folder.assetcatalog; path = Assets.xcassets; sourceTree = "<group>"; };
		216E41AD2AE48025003F91E1 /* Preview Assets.xcassets */ = {isa = PBXFileReference; lastKnownFileType = folder.assetcatalog; path = "Preview Assets.xcassets"; sourceTree = "<group>"; };
		216E41B32AE48025003F91E1 /* fittableIOSTests.xctest */ = {isa = PBXFileReference; explicitFileType = wrapper.cfbundle; includeInIndex = 0; path = fittableIOSTests.xctest; sourceTree = BUILT_PRODUCTS_DIR; };
		216E41B72AE48025003F91E1 /* fittableIOSTests.swift */ = {isa = PBXFileReference; lastKnownFileType = sourcecode.swift; path = fittableIOSTests.swift; sourceTree = "<group>"; };
		216E41BD2AE48025003F91E1 /* fittableIOSUITests.xctest */ = {isa = PBXFileReference; explicitFileType = wrapper.cfbundle; includeInIndex = 0; path = fittableIOSUITests.xctest; sourceTree = BUILT_PRODUCTS_DIR; };
		216E41C12AE48025003F91E1 /* fittableIOSUITests.swift */ = {isa = PBXFileReference; lastKnownFileType = sourcecode.swift; path = fittableIOSUITests.swift; sourceTree = "<group>"; };
		216E41C32AE48025003F91E1 /* fittableIOSUITestsLaunchTests.swift */ = {isa = PBXFileReference; lastKnownFileType = sourcecode.swift; path = fittableIOSUITestsLaunchTests.swift; sourceTree = "<group>"; };
		21991A4E2B265AA3007B9BED /* MainCoordinator.swift */ = {isa = PBXFileReference; lastKnownFileType = sourcecode.swift; path = MainCoordinator.swift; sourceTree = "<group>"; };
		21991A582B265DA9007B9BED /* AuthorizationScreen.swift */ = {isa = PBXFileReference; lastKnownFileType = sourcecode.swift; path = AuthorizationScreen.swift; sourceTree = "<group>"; };
		21991A5C2B266008007B9BED /* Colors.swift */ = {isa = PBXFileReference; lastKnownFileType = sourcecode.swift; path = Colors.swift; sourceTree = "<group>"; };
		21991A5E2B28F122007B9BED /* AuthorizationViewModel.swift */ = {isa = PBXFileReference; lastKnownFileType = sourcecode.swift; path = AuthorizationViewModel.swift; sourceTree = "<group>"; };
		21991A632B29F5E8007B9BED /* Info.plist */ = {isa = PBXFileReference; lastKnownFileType = text.plist; path = Info.plist; sourceTree = "<group>"; };
		21991A672B2F4D15007B9BED /* TimetableScreen.swift */ = {isa = PBXFileReference; lastKnownFileType = sourcecode.swift; path = TimetableScreen.swift; sourceTree = "<group>"; };
		21991A692B2F6565007B9BED /* TimetableViewModel.swift */ = {isa = PBXFileReference; lastKnownFileType = sourcecode.swift; path = TimetableViewModel.swift; sourceTree = "<group>"; };
		21991A6F2B30885A007B9BED /* KotlinDatetimeConverter.swift */ = {isa = PBXFileReference; lastKnownFileType = sourcecode.swift; path = KotlinDatetimeConverter.swift; sourceTree = "<group>"; };
/* End PBXFileReference section */

/* Begin PBXFrameworksBuildPhase section */
		216E41A02AE48023003F91E1 /* Frameworks */ = {
			isa = PBXFrameworksBuildPhase;
			buildActionMask = 2147483647;
			files = (
				21991A622B29F344007B9BED /* OAuthSwift in Frameworks */,
				21991A6D2B3075FA007B9BED /* CalendarView in Frameworks */,
				21991A552B265D59007B9BED /* AppAuth in Frameworks */,
				21991A4C2B265885007B9BED /* Stinsen in Frameworks */,
				21991A732B30A839007B9BED /* SwiftUICalendar in Frameworks */,
				21991A572B265D59007B9BED /* AppAuthCore in Frameworks */,
				215C99272B4B077100E7F18F /* SwiftUISnackbar in Frameworks */,
			);
			runOnlyForDeploymentPostprocessing = 0;
		};
		216E41B02AE48025003F91E1 /* Frameworks */ = {
			isa = PBXFrameworksBuildPhase;
			buildActionMask = 2147483647;
			files = (
			);
			runOnlyForDeploymentPostprocessing = 0;
		};
		216E41BA2AE48025003F91E1 /* Frameworks */ = {
			isa = PBXFrameworksBuildPhase;
			buildActionMask = 2147483647;
			files = (
			);
			runOnlyForDeploymentPostprocessing = 0;
		};
/* End PBXFrameworksBuildPhase section */

/* Begin PBXGroup section */
		215C99192B32311900E7F18F /* Detail */ = {
			isa = PBXGroup;
			children = (
				215C991A2B32313600E7F18F /* EventDetailScreen.swift */,
				215C991C2B32315D00E7F18F /* EventDetailViewModel.swift */,
			);
			path = Detail;
			sourceTree = "<group>";
		};
		215C991E2B3306ED00E7F18F /* SearchScreen */ = {
			isa = PBXGroup;
			children = (
				215C991F2B3306FD00E7F18F /* SearchScreen.swift */,
				215C99212B33070A00E7F18F /* SearchViewModel.swift */,
			);
			path = SearchScreen;
			sourceTree = "<group>";
		};
		216E419A2AE48023003F91E1 = {
			isa = PBXGroup;
			children = (
				216E41A52AE48023003F91E1 /* fittableIOS */,
				216E41B62AE48025003F91E1 /* fittableIOSTests */,
				216E41C02AE48025003F91E1 /* fittableIOSUITests */,
				216E41A42AE48023003F91E1 /* Products */,
			);
			sourceTree = "<group>";
		};
		216E41A42AE48023003F91E1 /* Products */ = {
			isa = PBXGroup;
			children = (
				216E41A32AE48023003F91E1 /* fittableIOS.app */,
				216E41B32AE48025003F91E1 /* fittableIOSTests.xctest */,
				216E41BD2AE48025003F91E1 /* fittableIOSUITests.xctest */,
			);
			name = Products;
			sourceTree = "<group>";
		};
		216E41A52AE48023003F91E1 /* fittableIOS */ = {
			isa = PBXGroup;
			children = (
				215C991E2B3306ED00E7F18F /* SearchScreen */,
				215C99192B32311900E7F18F /* Detail */,
				21991A662B2F4D05007B9BED /* Timetable */,
				21991A632B29F5E8007B9BED /* Info.plist */,
				21991A5A2B265FDA007B9BED /* Core */,
				21991A502B265B79007B9BED /* Authorization */,
				21991A4D2B265A63007B9BED /* Navigation */,
				216E41A62AE48023003F91E1 /* fittableIOSApp.swift */,
				216E41AA2AE48025003F91E1 /* Assets.xcassets */,
				216E41AC2AE48025003F91E1 /* Preview Content */,
			);
			path = fittableIOS;
			sourceTree = "<group>";
		};
		216E41AC2AE48025003F91E1 /* Preview Content */ = {
			isa = PBXGroup;
			children = (
				216E41AD2AE48025003F91E1 /* Preview Assets.xcassets */,
			);
			path = "Preview Content";
			sourceTree = "<group>";
		};
		216E41B62AE48025003F91E1 /* fittableIOSTests */ = {
			isa = PBXGroup;
			children = (
				216E41B72AE48025003F91E1 /* fittableIOSTests.swift */,
			);
			path = fittableIOSTests;
			sourceTree = "<group>";
		};
		216E41C02AE48025003F91E1 /* fittableIOSUITests */ = {
			isa = PBXGroup;
			children = (
				216E41C12AE48025003F91E1 /* fittableIOSUITests.swift */,
				216E41C32AE48025003F91E1 /* fittableIOSUITestsLaunchTests.swift */,
			);
			path = fittableIOSUITests;
			sourceTree = "<group>";
		};
		21991A4D2B265A63007B9BED /* Navigation */ = {
			isa = PBXGroup;
			children = (
				21991A4E2B265AA3007B9BED /* MainCoordinator.swift */,
			);
			path = Navigation;
			sourceTree = "<group>";
		};
		21991A502B265B79007B9BED /* Authorization */ = {
			isa = PBXGroup;
			children = (
				21991A582B265DA9007B9BED /* AuthorizationScreen.swift */,
				21991A5E2B28F122007B9BED /* AuthorizationViewModel.swift */,
			);
			path = Authorization;
			sourceTree = "<group>";
		};
		21991A5A2B265FDA007B9BED /* Core */ = {
			isa = PBXGroup;
			children = (
				21991A6E2B308844007B9BED /* Utils */,
				21991A5B2B265FE1007B9BED /* Ui */,
			);
			path = Core;
			sourceTree = "<group>";
		};
		21991A5B2B265FE1007B9BED /* Ui */ = {
			isa = PBXGroup;
			children = (
				21991A5C2B266008007B9BED /* Colors.swift */,
				215C99232B34CFE000E7F18F /* ViewExtension.swift */,
			);
			path = Ui;
			sourceTree = "<group>";
		};
		21991A662B2F4D05007B9BED /* Timetable */ = {
			isa = PBXGroup;
			children = (
				21991A672B2F4D15007B9BED /* TimetableScreen.swift */,
				21991A692B2F6565007B9BED /* TimetableViewModel.swift */,
			);
			path = Timetable;
			sourceTree = "<group>";
		};
		21991A6E2B308844007B9BED /* Utils */ = {
			isa = PBXGroup;
			children = (
				21991A6F2B30885A007B9BED /* KotlinDatetimeConverter.swift */,
			);
			path = Utils;
			sourceTree = "<group>";
		};
/* End PBXGroup section */

/* Begin PBXNativeTarget section */
		216E41A22AE48023003F91E1 /* fittableIOS */ = {
			isa = PBXNativeTarget;
			buildConfigurationList = 216E41C72AE48025003F91E1 /* Build configuration list for PBXNativeTarget "fittableIOS" */;
			buildPhases = (
				216E41D02AE48109003F91E1 /* ShellScript */,
				216E419F2AE48023003F91E1 /* Sources */,
				216E41A02AE48023003F91E1 /* Frameworks */,
				216E41A12AE48023003F91E1 /* Resources */,
			);
			buildRules = (
			);
			dependencies = (
			);
			name = fittableIOS;
			packageProductDependencies = (
				21991A4B2B265885007B9BED /* Stinsen */,
				21991A542B265D59007B9BED /* AppAuth */,
				21991A562B265D59007B9BED /* AppAuthCore */,
				21991A612B29F344007B9BED /* OAuthSwift */,
				21991A6C2B3075FA007B9BED /* CalendarView */,
				21991A722B30A839007B9BED /* SwiftUICalendar */,
				215C99262B4B077100E7F18F /* SwiftUISnackbar */,
			);
			productName = fittableIOS;
			productReference = 216E41A32AE48023003F91E1 /* fittableIOS.app */;
			productType = "com.apple.product-type.application";
		};
		216E41B22AE48025003F91E1 /* fittableIOSTests */ = {
			isa = PBXNativeTarget;
			buildConfigurationList = 216E41CA2AE48025003F91E1 /* Build configuration list for PBXNativeTarget "fittableIOSTests" */;
			buildPhases = (
				216E41AF2AE48025003F91E1 /* Sources */,
				216E41B02AE48025003F91E1 /* Frameworks */,
				216E41B12AE48025003F91E1 /* Resources */,
			);
			buildRules = (
			);
			dependencies = (
				216E41B52AE48025003F91E1 /* PBXTargetDependency */,
			);
			name = fittableIOSTests;
			productName = fittableIOSTests;
			productReference = 216E41B32AE48025003F91E1 /* fittableIOSTests.xctest */;
			productType = "com.apple.product-type.bundle.unit-test";
		};
		216E41BC2AE48025003F91E1 /* fittableIOSUITests */ = {
			isa = PBXNativeTarget;
			buildConfigurationList = 216E41CD2AE48025003F91E1 /* Build configuration list for PBXNativeTarget "fittableIOSUITests" */;
			buildPhases = (
				216E41B92AE48025003F91E1 /* Sources */,
				216E41BA2AE48025003F91E1 /* Frameworks */,
				216E41BB2AE48025003F91E1 /* Resources */,
			);
			buildRules = (
			);
			dependencies = (
				216E41BF2AE48025003F91E1 /* PBXTargetDependency */,
			);
			name = fittableIOSUITests;
			productName = fittableIOSUITests;
			productReference = 216E41BD2AE48025003F91E1 /* fittableIOSUITests.xctest */;
			productType = "com.apple.product-type.bundle.ui-testing";
		};
/* End PBXNativeTarget section */

/* Begin PBXProject section */
		216E419B2AE48023003F91E1 /* Project object */ = {
			isa = PBXProject;
			attributes = {
				BuildIndependentTargetsInParallel = 1;
				LastSwiftUpdateCheck = 1430;
				LastUpgradeCheck = 1430;
				TargetAttributes = {
					216E41A22AE48023003F91E1 = {
						CreatedOnToolsVersion = 14.3;
					};
					216E41B22AE48025003F91E1 = {
						CreatedOnToolsVersion = 14.3;
						TestTargetID = 216E41A22AE48023003F91E1;
					};
					216E41BC2AE48025003F91E1 = {
						CreatedOnToolsVersion = 14.3;
						TestTargetID = 216E41A22AE48023003F91E1;
					};
				};
			};
			buildConfigurationList = 216E419E2AE48023003F91E1 /* Build configuration list for PBXProject "fittableIOS" */;
			compatibilityVersion = "Xcode 14.0";
			developmentRegion = en;
			hasScannedForEncodings = 0;
			knownRegions = (
				en,
				Base,
			);
			mainGroup = 216E419A2AE48023003F91E1;
			packageReferences = (
				21991A4A2B265885007B9BED /* XCRemoteSwiftPackageReference "stinsen" */,
				21991A532B265D59007B9BED /* XCRemoteSwiftPackageReference "AppAuth-iOS" */,
				21991A602B29F344007B9BED /* XCRemoteSwiftPackageReference "OAuthSwift" */,
				21991A6B2B3075FA007B9BED /* XCRemoteSwiftPackageReference "CalendarView" */,
				21991A712B30A839007B9BED /* XCRemoteSwiftPackageReference "SwiftUICalendar" */,
				215C99252B4B077100E7F18F /* XCRemoteSwiftPackageReference "SwiftUISnackbar" */,
			);
			productRefGroup = 216E41A42AE48023003F91E1 /* Products */;
			projectDirPath = "";
			projectRoot = "";
			targets = (
				216E41A22AE48023003F91E1 /* fittableIOS */,
				216E41B22AE48025003F91E1 /* fittableIOSTests */,
				216E41BC2AE48025003F91E1 /* fittableIOSUITests */,
			);
		};
/* End PBXProject section */

/* Begin PBXResourcesBuildPhase section */
		216E41A12AE48023003F91E1 /* Resources */ = {
			isa = PBXResourcesBuildPhase;
			buildActionMask = 2147483647;
			files = (
				216E41AE2AE48025003F91E1 /* Preview Assets.xcassets in Resources */,
				216E41AB2AE48025003F91E1 /* Assets.xcassets in Resources */,
			);
			runOnlyForDeploymentPostprocessing = 0;
		};
		216E41B12AE48025003F91E1 /* Resources */ = {
			isa = PBXResourcesBuildPhase;
			buildActionMask = 2147483647;
			files = (
			);
			runOnlyForDeploymentPostprocessing = 0;
		};
		216E41BB2AE48025003F91E1 /* Resources */ = {
			isa = PBXResourcesBuildPhase;
			buildActionMask = 2147483647;
			files = (
			);
			runOnlyForDeploymentPostprocessing = 0;
		};
/* End PBXResourcesBuildPhase section */

/* Begin PBXShellScriptBuildPhase section */
		216E41D02AE48109003F91E1 /* ShellScript */ = {
			isa = PBXShellScriptBuildPhase;
			buildActionMask = 2147483647;
			files = (
			);
			inputFileListPaths = (
			);
			inputPaths = (
			);
			outputFileListPaths = (
			);
			outputPaths = (
			);
			runOnlyForDeploymentPostprocessing = 0;
			shellPath = /bin/sh;
			shellScript = "cd \"$SRCROOT/..\"\n./gradlew :shared:embedAndSignAppleFrameworkForXcode\n";
		};
/* End PBXShellScriptBuildPhase section */

/* Begin PBXSourcesBuildPhase section */
		216E419F2AE48023003F91E1 /* Sources */ = {
			isa = PBXSourcesBuildPhase;
			buildActionMask = 2147483647;
			files = (
				21991A702B30885A007B9BED /* KotlinDatetimeConverter.swift in Sources */,
				21991A5F2B28F122007B9BED /* AuthorizationViewModel.swift in Sources */,
				21991A5D2B266008007B9BED /* Colors.swift in Sources */,
				21991A592B265DA9007B9BED /* AuthorizationScreen.swift in Sources */,
				215C99222B33070A00E7F18F /* SearchViewModel.swift in Sources */,
				21991A4F2B265AA3007B9BED /* MainCoordinator.swift in Sources */,
				215C991D2B32315D00E7F18F /* EventDetailViewModel.swift in Sources */,
				216E41A72AE48023003F91E1 /* fittableIOSApp.swift in Sources */,
				215C991B2B32313600E7F18F /* EventDetailScreen.swift in Sources */,
				215C99242B34CFE000E7F18F /* ViewExtension.swift in Sources */,
				21991A6A2B2F6565007B9BED /* TimetableViewModel.swift in Sources */,
				21991A682B2F4D15007B9BED /* TimetableScreen.swift in Sources */,
				215C99202B3306FD00E7F18F /* SearchScreen.swift in Sources */,
			);
			runOnlyForDeploymentPostprocessing = 0;
		};
		216E41AF2AE48025003F91E1 /* Sources */ = {
			isa = PBXSourcesBuildPhase;
			buildActionMask = 2147483647;
			files = (
				216E41B82AE48025003F91E1 /* fittableIOSTests.swift in Sources */,
			);
			runOnlyForDeploymentPostprocessing = 0;
		};
		216E41B92AE48025003F91E1 /* Sources */ = {
			isa = PBXSourcesBuildPhase;
			buildActionMask = 2147483647;
			files = (
				216E41C22AE48025003F91E1 /* fittableIOSUITests.swift in Sources */,
				216E41C42AE48025003F91E1 /* fittableIOSUITestsLaunchTests.swift in Sources */,
			);
			runOnlyForDeploymentPostprocessing = 0;
		};
/* End PBXSourcesBuildPhase section */

/* Begin PBXTargetDependency section */
		216E41B52AE48025003F91E1 /* PBXTargetDependency */ = {
			isa = PBXTargetDependency;
			target = 216E41A22AE48023003F91E1 /* fittableIOS */;
			targetProxy = 216E41B42AE48025003F91E1 /* PBXContainerItemProxy */;
		};
		216E41BF2AE48025003F91E1 /* PBXTargetDependency */ = {
			isa = PBXTargetDependency;
			target = 216E41A22AE48023003F91E1 /* fittableIOS */;
			targetProxy = 216E41BE2AE48025003F91E1 /* PBXContainerItemProxy */;
		};
/* End PBXTargetDependency section */

/* Begin XCBuildConfiguration section */
		216E41C52AE48025003F91E1 /* Debug */ = {
			isa = XCBuildConfiguration;
			buildSettings = {
				ALWAYS_SEARCH_USER_PATHS = NO;
				CLANG_ANALYZER_NONNULL = YES;
				CLANG_ANALYZER_NUMBER_OBJECT_CONVERSION = YES_AGGRESSIVE;
				CLANG_CXX_LANGUAGE_STANDARD = "gnu++20";
				CLANG_ENABLE_MODULES = YES;
				CLANG_ENABLE_OBJC_ARC = YES;
				CLANG_ENABLE_OBJC_WEAK = YES;
				CLANG_WARN_BLOCK_CAPTURE_AUTORELEASING = YES;
				CLANG_WARN_BOOL_CONVERSION = YES;
				CLANG_WARN_COMMA = YES;
				CLANG_WARN_CONSTANT_CONVERSION = YES;
				CLANG_WARN_DEPRECATED_OBJC_IMPLEMENTATIONS = YES;
				CLANG_WARN_DIRECT_OBJC_ISA_USAGE = YES_ERROR;
				CLANG_WARN_DOCUMENTATION_COMMENTS = YES;
				CLANG_WARN_EMPTY_BODY = YES;
				CLANG_WARN_ENUM_CONVERSION = YES;
				CLANG_WARN_INFINITE_RECURSION = YES;
				CLANG_WARN_INT_CONVERSION = YES;
				CLANG_WARN_NON_LITERAL_NULL_CONVERSION = YES;
				CLANG_WARN_OBJC_IMPLICIT_RETAIN_SELF = YES;
				CLANG_WARN_OBJC_LITERAL_CONVERSION = YES;
				CLANG_WARN_OBJC_ROOT_CLASS = YES_ERROR;
				CLANG_WARN_QUOTED_INCLUDE_IN_FRAMEWORK_HEADER = YES;
				CLANG_WARN_RANGE_LOOP_ANALYSIS = YES;
				CLANG_WARN_STRICT_PROTOTYPES = YES;
				CLANG_WARN_SUSPICIOUS_MOVE = YES;
				CLANG_WARN_UNGUARDED_AVAILABILITY = YES_AGGRESSIVE;
				CLANG_WARN_UNREACHABLE_CODE = YES;
				CLANG_WARN__DUPLICATE_METHOD_MATCH = YES;
				COPY_PHASE_STRIP = NO;
				DEBUG_INFORMATION_FORMAT = dwarf;
				ENABLE_STRICT_OBJC_MSGSEND = YES;
				ENABLE_TESTABILITY = YES;
				GCC_C_LANGUAGE_STANDARD = gnu11;
				GCC_DYNAMIC_NO_PIC = NO;
				GCC_NO_COMMON_BLOCKS = YES;
				GCC_OPTIMIZATION_LEVEL = 0;
				GCC_PREPROCESSOR_DEFINITIONS = (
					"DEBUG=1",
					"$(inherited)",
				);
				GCC_WARN_64_TO_32_BIT_CONVERSION = YES;
				GCC_WARN_ABOUT_RETURN_TYPE = YES_ERROR;
				GCC_WARN_UNDECLARED_SELECTOR = YES;
				GCC_WARN_UNINITIALIZED_AUTOS = YES_AGGRESSIVE;
				GCC_WARN_UNUSED_FUNCTION = YES;
				GCC_WARN_UNUSED_VARIABLE = YES;
				IPHONEOS_DEPLOYMENT_TARGET = 16.4;
				MTL_ENABLE_DEBUG_INFO = INCLUDE_SOURCE;
				MTL_FAST_MATH = YES;
				ONLY_ACTIVE_ARCH = YES;
				SDKROOT = iphoneos;
				SWIFT_ACTIVE_COMPILATION_CONDITIONS = DEBUG;
				SWIFT_OPTIMIZATION_LEVEL = "-Onone";
			};
			name = Debug;
		};
		216E41C62AE48025003F91E1 /* Release */ = {
			isa = XCBuildConfiguration;
			buildSettings = {
				ALWAYS_SEARCH_USER_PATHS = NO;
				CLANG_ANALYZER_NONNULL = YES;
				CLANG_ANALYZER_NUMBER_OBJECT_CONVERSION = YES_AGGRESSIVE;
				CLANG_CXX_LANGUAGE_STANDARD = "gnu++20";
				CLANG_ENABLE_MODULES = YES;
				CLANG_ENABLE_OBJC_ARC = YES;
				CLANG_ENABLE_OBJC_WEAK = YES;
				CLANG_WARN_BLOCK_CAPTURE_AUTORELEASING = YES;
				CLANG_WARN_BOOL_CONVERSION = YES;
				CLANG_WARN_COMMA = YES;
				CLANG_WARN_CONSTANT_CONVERSION = YES;
				CLANG_WARN_DEPRECATED_OBJC_IMPLEMENTATIONS = YES;
				CLANG_WARN_DIRECT_OBJC_ISA_USAGE = YES_ERROR;
				CLANG_WARN_DOCUMENTATION_COMMENTS = YES;
				CLANG_WARN_EMPTY_BODY = YES;
				CLANG_WARN_ENUM_CONVERSION = YES;
				CLANG_WARN_INFINITE_RECURSION = YES;
				CLANG_WARN_INT_CONVERSION = YES;
				CLANG_WARN_NON_LITERAL_NULL_CONVERSION = YES;
				CLANG_WARN_OBJC_IMPLICIT_RETAIN_SELF = YES;
				CLANG_WARN_OBJC_LITERAL_CONVERSION = YES;
				CLANG_WARN_OBJC_ROOT_CLASS = YES_ERROR;
				CLANG_WARN_QUOTED_INCLUDE_IN_FRAMEWORK_HEADER = YES;
				CLANG_WARN_RANGE_LOOP_ANALYSIS = YES;
				CLANG_WARN_STRICT_PROTOTYPES = YES;
				CLANG_WARN_SUSPICIOUS_MOVE = YES;
				CLANG_WARN_UNGUARDED_AVAILABILITY = YES_AGGRESSIVE;
				CLANG_WARN_UNREACHABLE_CODE = YES;
				CLANG_WARN__DUPLICATE_METHOD_MATCH = YES;
				COPY_PHASE_STRIP = NO;
				DEBUG_INFORMATION_FORMAT = "dwarf-with-dsym";
				ENABLE_NS_ASSERTIONS = NO;
				ENABLE_STRICT_OBJC_MSGSEND = YES;
				GCC_C_LANGUAGE_STANDARD = gnu11;
				GCC_NO_COMMON_BLOCKS = YES;
				GCC_WARN_64_TO_32_BIT_CONVERSION = YES;
				GCC_WARN_ABOUT_RETURN_TYPE = YES_ERROR;
				GCC_WARN_UNDECLARED_SELECTOR = YES;
				GCC_WARN_UNINITIALIZED_AUTOS = YES_AGGRESSIVE;
				GCC_WARN_UNUSED_FUNCTION = YES;
				GCC_WARN_UNUSED_VARIABLE = YES;
				IPHONEOS_DEPLOYMENT_TARGET = 16.4;
				MTL_ENABLE_DEBUG_INFO = NO;
				MTL_FAST_MATH = YES;
				SDKROOT = iphoneos;
				SWIFT_COMPILATION_MODE = wholemodule;
				SWIFT_OPTIMIZATION_LEVEL = "-O";
				VALIDATE_PRODUCT = YES;
			};
			name = Release;
		};
		216E41C82AE48025003F91E1 /* Debug */ = {
			isa = XCBuildConfiguration;
			buildSettings = {
				ASSETCATALOG_COMPILER_APPICON_NAME = AppIcon;
				ASSETCATALOG_COMPILER_GLOBAL_ACCENT_COLOR_NAME = AccentColor;
				CODE_SIGN_STYLE = Automatic;
				CURRENT_PROJECT_VERSION = 1;
				DEVELOPMENT_ASSET_PATHS = "\"fittableIOS/Preview Content\"";
				ENABLE_PREVIEWS = YES;
				FRAMEWORK_SEARCH_PATHS = "$(SRCROOT)/../shared/build/xcode-frameworks/$(CONFIGURATION)/$(SDK_NAME)";
				GENERATE_INFOPLIST_FILE = YES;
				INFOPLIST_FILE = fittableIOS/Info.plist;
				INFOPLIST_KEY_UIApplicationSceneManifest_Generation = YES;
				INFOPLIST_KEY_UIApplicationSupportsIndirectInputEvents = YES;
				INFOPLIST_KEY_UILaunchScreen_Generation = YES;
				INFOPLIST_KEY_UISupportedInterfaceOrientations = UIInterfaceOrientationPortrait;
				INFOPLIST_KEY_UISupportedInterfaceOrientations_iPad = "UIInterfaceOrientationLandscapeLeft UIInterfaceOrientationLandscapeRight UIInterfaceOrientationPortrait UIInterfaceOrientationPortraitUpsideDown";
				LD_RUNPATH_SEARCH_PATHS = (
					"$(inherited)",
					"@executable_path/Frameworks",
				);
				MARKETING_VERSION = 1.0;
				OTHER_LDFLAGS = (
					"$(inherited)",
					"-framework",
					shared,
				);
				PRODUCT_BUNDLE_IDENTIFIER = cz.cvut.fit.fittableIOS;
				PRODUCT_NAME = "$(TARGET_NAME)";
				SWIFT_EMIT_LOC_STRINGS = YES;
				SWIFT_VERSION = 5.0;
				TARGETED_DEVICE_FAMILY = "1,2";
			};
			name = Debug;
		};
		216E41C92AE48025003F91E1 /* Release */ = {
			isa = XCBuildConfiguration;
			buildSettings = {
				ASSETCATALOG_COMPILER_APPICON_NAME = AppIcon;
				ASSETCATALOG_COMPILER_GLOBAL_ACCENT_COLOR_NAME = AccentColor;
				CODE_SIGN_STYLE = Automatic;
				CURRENT_PROJECT_VERSION = 1;
				DEVELOPMENT_ASSET_PATHS = "\"fittableIOS/Preview Content\"";
				ENABLE_PREVIEWS = YES;
				FRAMEWORK_SEARCH_PATHS = "$(SRCROOT)/../shared/build/xcode-frameworks/$(CONFIGURATION)/$(SDK_NAME)";
				GENERATE_INFOPLIST_FILE = YES;
				INFOPLIST_FILE = fittableIOS/Info.plist;
				INFOPLIST_KEY_UIApplicationSceneManifest_Generation = YES;
				INFOPLIST_KEY_UIApplicationSupportsIndirectInputEvents = YES;
				INFOPLIST_KEY_UILaunchScreen_Generation = YES;
				INFOPLIST_KEY_UISupportedInterfaceOrientations = UIInterfaceOrientationPortrait;
				INFOPLIST_KEY_UISupportedInterfaceOrientations_iPad = "UIInterfaceOrientationLandscapeLeft UIInterfaceOrientationLandscapeRight UIInterfaceOrientationPortrait UIInterfaceOrientationPortraitUpsideDown";
				LD_RUNPATH_SEARCH_PATHS = (
					"$(inherited)",
					"@executable_path/Frameworks",
				);
				MARKETING_VERSION = 1.0;
				OTHER_LDFLAGS = (
					"$(inherited)",
					"-framework",
					shared,
				);
				PRODUCT_BUNDLE_IDENTIFIER = cz.cvut.fit.fittableIOS;
				PRODUCT_NAME = "$(TARGET_NAME)";
				SWIFT_EMIT_LOC_STRINGS = YES;
				SWIFT_VERSION = 5.0;
				TARGETED_DEVICE_FAMILY = "1,2";
			};
			name = Release;
		};
		216E41CB2AE48025003F91E1 /* Debug */ = {
			isa = XCBuildConfiguration;
			buildSettings = {
				ALWAYS_EMBED_SWIFT_STANDARD_LIBRARIES = YES;
				BUNDLE_LOADER = "$(TEST_HOST)";
				CODE_SIGN_STYLE = Automatic;
				CURRENT_PROJECT_VERSION = 1;
				GENERATE_INFOPLIST_FILE = YES;
				IPHONEOS_DEPLOYMENT_TARGET = 16.4;
				MARKETING_VERSION = 1.0;
				PRODUCT_BUNDLE_IDENTIFIER = cz.cvut.fit.fittableIOSTests;
				PRODUCT_NAME = "$(TARGET_NAME)";
				SWIFT_EMIT_LOC_STRINGS = NO;
				SWIFT_VERSION = 5.0;
				TARGETED_DEVICE_FAMILY = "1,2";
				TEST_HOST = "$(BUILT_PRODUCTS_DIR)/fittableIOS.app/$(BUNDLE_EXECUTABLE_FOLDER_PATH)/fittableIOS";
			};
			name = Debug;
		};
		216E41CC2AE48025003F91E1 /* Release */ = {
			isa = XCBuildConfiguration;
			buildSettings = {
				ALWAYS_EMBED_SWIFT_STANDARD_LIBRARIES = YES;
				BUNDLE_LOADER = "$(TEST_HOST)";
				CODE_SIGN_STYLE = Automatic;
				CURRENT_PROJECT_VERSION = 1;
				GENERATE_INFOPLIST_FILE = YES;
				IPHONEOS_DEPLOYMENT_TARGET = 16.4;
				MARKETING_VERSION = 1.0;
				PRODUCT_BUNDLE_IDENTIFIER = cz.cvut.fit.fittableIOSTests;
				PRODUCT_NAME = "$(TARGET_NAME)";
				SWIFT_EMIT_LOC_STRINGS = NO;
				SWIFT_VERSION = 5.0;
				TARGETED_DEVICE_FAMILY = "1,2";
				TEST_HOST = "$(BUILT_PRODUCTS_DIR)/fittableIOS.app/$(BUNDLE_EXECUTABLE_FOLDER_PATH)/fittableIOS";
			};
			name = Release;
		};
		216E41CE2AE48025003F91E1 /* Debug */ = {
			isa = XCBuildConfiguration;
			buildSettings = {
				ALWAYS_EMBED_SWIFT_STANDARD_LIBRARIES = YES;
				CODE_SIGN_STYLE = Automatic;
				CURRENT_PROJECT_VERSION = 1;
				GENERATE_INFOPLIST_FILE = YES;
				MARKETING_VERSION = 1.0;
				PRODUCT_BUNDLE_IDENTIFIER = cz.cvut.fit.fittableIOSUITests;
				PRODUCT_NAME = "$(TARGET_NAME)";
				SWIFT_EMIT_LOC_STRINGS = NO;
				SWIFT_VERSION = 5.0;
				TARGETED_DEVICE_FAMILY = "1,2";
				TEST_TARGET_NAME = fittableIOS;
			};
			name = Debug;
		};
		216E41CF2AE48025003F91E1 /* Release */ = {
			isa = XCBuildConfiguration;
			buildSettings = {
				ALWAYS_EMBED_SWIFT_STANDARD_LIBRARIES = YES;
				CODE_SIGN_STYLE = Automatic;
				CURRENT_PROJECT_VERSION = 1;
				GENERATE_INFOPLIST_FILE = YES;
				MARKETING_VERSION = 1.0;
				PRODUCT_BUNDLE_IDENTIFIER = cz.cvut.fit.fittableIOSUITests;
				PRODUCT_NAME = "$(TARGET_NAME)";
				SWIFT_EMIT_LOC_STRINGS = NO;
				SWIFT_VERSION = 5.0;
				TARGETED_DEVICE_FAMILY = "1,2";
				TEST_TARGET_NAME = fittableIOS;
			};
			name = Release;
		};
/* End XCBuildConfiguration section */

/* Begin XCConfigurationList section */
		216E419E2AE48023003F91E1 /* Build configuration list for PBXProject "fittableIOS" */ = {
			isa = XCConfigurationList;
			buildConfigurations = (
				216E41C52AE48025003F91E1 /* Debug */,
				216E41C62AE48025003F91E1 /* Release */,
			);
			defaultConfigurationIsVisible = 0;
			defaultConfigurationName = Release;
		};
		216E41C72AE48025003F91E1 /* Build configuration list for PBXNativeTarget "fittableIOS" */ = {
			isa = XCConfigurationList;
			buildConfigurations = (
				216E41C82AE48025003F91E1 /* Debug */,
				216E41C92AE48025003F91E1 /* Release */,
			);
			defaultConfigurationIsVisible = 0;
			defaultConfigurationName = Release;
		};
		216E41CA2AE48025003F91E1 /* Build configuration list for PBXNativeTarget "fittableIOSTests" */ = {
			isa = XCConfigurationList;
			buildConfigurations = (
				216E41CB2AE48025003F91E1 /* Debug */,
				216E41CC2AE48025003F91E1 /* Release */,
			);
			defaultConfigurationIsVisible = 0;
			defaultConfigurationName = Release;
		};
		216E41CD2AE48025003F91E1 /* Build configuration list for PBXNativeTarget "fittableIOSUITests" */ = {
			isa = XCConfigurationList;
			buildConfigurations = (
				216E41CE2AE48025003F91E1 /* Debug */,
				216E41CF2AE48025003F91E1 /* Release */,
			);
			defaultConfigurationIsVisible = 0;
			defaultConfigurationName = Release;
		};
/* End XCConfigurationList section */

/* Begin XCRemoteSwiftPackageReference section */
		215C99252B4B077100E7F18F /* XCRemoteSwiftPackageReference "SwiftUISnackbar" */ = {
			isa = XCRemoteSwiftPackageReference;
			repositoryURL = "https://github.com/zaniluca/SwiftUISnackbar";
			requirement = {
				branch = main;
				kind = branch;
			};
		};
		21991A4A2B265885007B9BED /* XCRemoteSwiftPackageReference "stinsen" */ = {
			isa = XCRemoteSwiftPackageReference;
			repositoryURL = "https://github.com/rundfunk47/stinsen";
			requirement = {
				kind = upToNextMajorVersion;
				minimumVersion = 2.0.0;
			};
		};
		21991A532B265D59007B9BED /* XCRemoteSwiftPackageReference "AppAuth-iOS" */ = {
			isa = XCRemoteSwiftPackageReference;
			repositoryURL = "https://github.com/openid/AppAuth-iOS";
			requirement = {
				kind = upToNextMajorVersion;
				minimumVersion = 1.0.0;
			};
		};
		21991A602B29F344007B9BED /* XCRemoteSwiftPackageReference "OAuthSwift" */ = {
			isa = XCRemoteSwiftPackageReference;
			repositoryURL = "https://github.com/OAuthSwift/OAuthSwift";
			requirement = {
				kind = upToNextMajorVersion;
				minimumVersion = 2.0.0;
			};
		};
		21991A6B2B3075FA007B9BED /* XCRemoteSwiftPackageReference "CalendarView" */ = {
			isa = XCRemoteSwiftPackageReference;
			repositoryURL = "https://github.com/jantimar/CalendarView";
			requirement = {
				branch = master;
				kind = branch;
			};
		};
		21991A712B30A839007B9BED /* XCRemoteSwiftPackageReference "SwiftUICalendar" */ = {
			isa = XCRemoteSwiftPackageReference;
			repositoryURL = "https://github.com/GGJJack/SwiftUICalendar";
			requirement = {
				kind = upToNextMajorVersion;
				minimumVersion = 0.1.14;
			};
		};
/* End XCRemoteSwiftPackageReference section */

/* Begin XCSwiftPackageProductDependency section */
		215C99262B4B077100E7F18F /* SwiftUISnackbar */ = {
			isa = XCSwiftPackageProductDependency;
			package = 215C99252B4B077100E7F18F /* XCRemoteSwiftPackageReference "SwiftUISnackbar" */;
			productName = SwiftUISnackbar;
		};
		21991A4B2B265885007B9BED /* Stinsen */ = {
			isa = XCSwiftPackageProductDependency;
			package = 21991A4A2B265885007B9BED /* XCRemoteSwiftPackageReference "stinsen" */;
			productName = Stinsen;
		};
		21991A542B265D59007B9BED /* AppAuth */ = {
			isa = XCSwiftPackageProductDependency;
			package = 21991A532B265D59007B9BED /* XCRemoteSwiftPackageReference "AppAuth-iOS" */;
			productName = AppAuth;
		};
		21991A562B265D59007B9BED /* AppAuthCore */ = {
			isa = XCSwiftPackageProductDependency;
			package = 21991A532B265D59007B9BED /* XCRemoteSwiftPackageReference "AppAuth-iOS" */;
			productName = AppAuthCore;
		};
		21991A612B29F344007B9BED /* OAuthSwift */ = {
			isa = XCSwiftPackageProductDependency;
			package = 21991A602B29F344007B9BED /* XCRemoteSwiftPackageReference "OAuthSwift" */;
			productName = OAuthSwift;
		};
		21991A6C2B3075FA007B9BED /* CalendarView */ = {
			isa = XCSwiftPackageProductDependency;
			package = 21991A6B2B3075FA007B9BED /* XCRemoteSwiftPackageReference "CalendarView" */;
			productName = CalendarView;
		};
		21991A722B30A839007B9BED /* SwiftUICalendar */ = {
			isa = XCSwiftPackageProductDependency;
			package = 21991A712B30A839007B9BED /* XCRemoteSwiftPackageReference "SwiftUICalendar" */;
			productName = SwiftUICalendar;
		};
/* End XCSwiftPackageProductDependency section */
	};
	rootObject = 216E419B2AE48023003F91E1 /* Project object */;
}
